
Microsoft Visual Studio Solution File, Format Version 12.00
# Visual Studio 15
VisualStudioVersion = 15.0.28010.2003
MinimumVisualStudioVersion = 10.0.40219.1
Project("{FAE04EC0-301F-11D3-BF4B-00C04F79EFBC}") = "OneBurn.Core", "OneBurn.Core\OneBurn.Core.csproj", "{0A76D043-D2B4-466E-9BDB-671EDF232D55}"
EndProject
Project("{FAE04EC0-301F-11D3-BF4B-00C04F79EFBC}") = "OneBurn.Windows.Wpf", "OneBurn.Windows.Wpf\OneBurn.Windows.Wpf.csproj", "{DB5F3060-AFA1-482A-B05C-5AA569FF7190}"
EndProject
Project("{FAE04EC0-301F-11D3-BF4B-00C04F79EFBC}") = "OneBurn.Windows.Shell", "OneBurn.Windows.Shell\OneBurn.Windows.Shell.csproj", "{BAD763CE-86E4-4886-A0AC-62E99A526735}"
EndProject
Project("{FAE04EC0-301F-11D3-BF4B-00C04F79EFBC}") = "OneBurn.Windows.Controls", "OneBurn.Windows.Controls\OneBurn.Windows.Controls.csproj", "{16CFE17D-FBBA-4C56-A6E7-D51CDA177CE0}"
EndProject
Project("{FAE04EC0-301F-11D3-BF4B-00C04F79EFBC}") = "OneBurn.FileSystem", "OneBurn.FileSystem\OneBurn.FileSystem.csproj", "{F07655A1-1B83-48B7-AD80-C95A7D38464C}"
EndProject
Global
	GlobalSection(SolutionConfigurationPlatforms) = preSolution
		Debug|Any CPU = Debug|Any CPU
		Release|Any CPU = Release|Any CPU
	EndGlobalSection
	GlobalSection(ProjectConfigurationPlatforms) = postSolution
		{0A76D043-D2B4-466E-9BDB-671EDF232D55}.Debug|Any CPU.ActiveCfg = Debug|Any CPU
		{0A76D043-D2B4-466E-9BDB-671EDF232D55}.Debug|Any CPU.Build.0 = Debug|Any CPU
		{0A76D043-D2B4-466E-9BDB-671EDF232D55}.Release|Any CPU.ActiveCfg = Release|Any CPU
		{0A76D043-D2B4-466E-9BDB-671EDF232D55}.Release|Any CPU.Build.0 = Release|Any CPU
		{DB5F3060-AFA1-482A-B05C-5AA569FF7190}.Debug|Any CPU.ActiveCfg = Debug|Any CPU
		{DB5F3060-AFA1-482A-B05C-5AA569FF7190}.Debug|Any CPU.Build.0 = Debug|Any CPU
		{DB5F3060-AFA1-482A-B05C-5AA569FF7190}.Release|Any CPU.ActiveCfg = Release|Any CPU
		{DB5F3060-AFA1-482A-B05C-5AA569FF7190}.Release|Any CPU.Build.0 = Release|Any CPU
		{BAD763CE-86E4-4886-A0AC-62E99A526735}.Debug|Any CPU.ActiveCfg = Debug|Any CPU
		{BAD763CE-86E4-4886-A0AC-62E99A526735}.Debug|Any CPU.Build.0 = Debug|Any CPU
		{BAD763CE-86E4-4886-A0AC-62E99A526735}.Release|Any CPU.ActiveCfg = Release|Any CPU
		{BAD763CE-86E4-4886-A0AC-62E99A526735}.Release|Any CPU.Build.0 = Release|Any CPU
		{16CFE17D-FBBA-4C56-A6E7-D51CDA177CE0}.Debug|Any CPU.ActiveCfg = Debug|Any CPU
		{16CFE17D-FBBA-4C56-A6E7-D51CDA177CE0}.Debug|Any CPU.Build.0 = Debug|Any CPU
		{16CFE17D-FBBA-4C56-A6E7-D51CDA177CE0}.Release|Any CPU.ActiveCfg = Release|Any CPU
		{16CFE17D-FBBA-4C56-A6E7-D51CDA177CE0}.Release|Any CPU.Build.0 = Release|Any CPU
		{F07655A1-1B83-48B7-AD80-C95A7D38464C}.Debug|Any CPU.ActiveCfg = Debug|Any CPU
		{F07655A1-1B83-48B7-AD80-C95A7D38464C}.Debug|Any CPU.Build.0 = Debug|Any CPU
		{F07655A1-1B83-48B7-AD80-C95A7D38464C}.Release|Any CPU.ActiveCfg = Release|Any CPU
		{F07655A1-1B83-48B7-AD80-C95A7D38464C}.Release|Any CPU.Build.0 = Release|Any CPU
	EndGlobalSection
	GlobalSection(SolutionProperties) = preSolution
		HideSolutionNode = FALSE
	EndGlobalSection
	GlobalSection(ExtensibilityGlobals) = postSolution
		SolutionGuid = {21A2FEC6-17E2-4F7F-B847-628468CE6A87}
	EndGlobalSection
EndGlobal
